
Microsoft Visual Studio Solution File, Format Version 12.00
# Visual Studio Version 16
VisualStudioVersion = 16.0.29519.181
MinimumVisualStudioVersion = 10.0.40219.1
Project("{D954291E-2A0B-460D-934E-DC6B0785DB48}") = "UnoSampleApp.Shared", "UnoSampleApp\UnoSampleApp.Shared\UnoSampleApp.Shared.shproj", "{6279C845-92F8-4333-AB99-3D213163593C}"
EndProject
Project("{FAE04EC0-301F-11D3-BF4B-00C04F79EFBC}") = "UnoSampleApp.Droid", "UnoSampleApp\UnoSampleApp.Droid\UnoSampleApp.Droid.csproj", "{1C62B1BC-1835-4B8A-B3CB-E373CD06856B}"
EndProject
Project("{FAE04EC0-301F-11D3-BF4B-00C04F79EFBC}") = "UnoSampleApp.iOS", "UnoSampleApp\UnoSampleApp.iOS\UnoSampleApp.iOS.csproj", "{AF72A2AD-233B-4A1E-AA18-B42913BF2855}"
EndProject
Project("{FAE04EC0-301F-11D3-BF4B-00C04F79EFBC}") = "UnoSampleApp.UWP", "UnoSampleApp\UnoSampleApp.UWP\UnoSampleApp.UWP.csproj", "{C78B0D12-B4DA-4D67-A9BB-A1242B9D9D27}"
EndProject
Project("{9A19103F-16F7-4668-BE54-9A1E7A4F7556}") = "UnoSampleApp.Wasm", "UnoSampleApp\UnoSampleApp.Wasm\UnoSampleApp.Wasm.csproj", "{02C09B6B-3CE6-4BB1-A785-8B33C7A98719}"
EndProject
Global
	GlobalSection(SharedMSBuildProjectFiles) = preSolution
		UnoSampleApp\UnoSampleApp.Shared\UnoSampleApp.Shared.projitems*{1c62b1bc-1835-4b8a-b3cb-e373cd06856b}*SharedItemsImports = 4
		UnoSampleApp\UnoSampleApp.Shared\UnoSampleApp.Shared.projitems*{6279c845-92f8-4333-ab99-3d213163593c}*SharedItemsImports = 13
		UnoSampleApp\UnoSampleApp.Shared\UnoSampleApp.Shared.projitems*{af72a2ad-233b-4a1e-aa18-b42913bf2855}*SharedItemsImports = 4
		UnoSampleApp\UnoSampleApp.Shared\UnoSampleApp.Shared.projitems*{c78b0d12-b4da-4d67-a9bb-a1242b9d9d27}*SharedItemsImports = 4
	EndGlobalSection
	GlobalSection(SolutionConfigurationPlatforms) = preSolution
		Ad-Hoc|Any CPU = Ad-Hoc|Any CPU
		Ad-Hoc|ARM = Ad-Hoc|ARM
		Ad-Hoc|iPhone = Ad-Hoc|iPhone
		Ad-Hoc|iPhoneSimulator = Ad-Hoc|iPhoneSimulator
		Ad-Hoc|x64 = Ad-Hoc|x64
		Ad-Hoc|x86 = Ad-Hoc|x86
		AppStore|Any CPU = AppStore|Any CPU
		AppStore|ARM = AppStore|ARM
		AppStore|iPhone = AppStore|iPhone
		AppStore|iPhoneSimulator = AppStore|iPhoneSimulator
		AppStore|x64 = AppStore|x64
		AppStore|x86 = AppStore|x86
		Debug|Any CPU = Debug|Any CPU
		Debug|ARM = Debug|ARM
		Debug|iPhone = Debug|iPhone
		Debug|iPhoneSimulator = Debug|iPhoneSimulator
		Debug|x64 = Debug|x64
		Debug|x86 = Debug|x86
		Release|Any CPU = Release|Any CPU
		Release|ARM = Release|ARM
		Release|iPhone = Release|iPhone
		Release|iPhoneSimulator = Release|iPhoneSimulator
		Release|x64 = Release|x64
		Release|x86 = Release|x86
	EndGlobalSection
	GlobalSection(ProjectConfigurationPlatforms) = postSolution
		{1C62B1BC-1835-4B8A-B3CB-E373CD06856B}.Ad-Hoc|Any CPU.ActiveCfg = Release|Any CPU
		{1C62B1BC-1835-4B8A-B3CB-E373CD06856B}.Ad-Hoc|Any CPU.Build.0 = Release|Any CPU
		{1C62B1BC-1835-4B8A-B3CB-E373CD06856B}.Ad-Hoc|Any CPU.Deploy.0 = Release|Any CPU
		{1C62B1BC-1835-4B8A-B3CB-E373CD06856B}.Ad-Hoc|ARM.ActiveCfg = Release|Any CPU
		{1C62B1BC-1835-4B8A-B3CB-E373CD06856B}.Ad-Hoc|ARM.Build.0 = Release|Any CPU
		{1C62B1BC-1835-4B8A-B3CB-E373CD06856B}.Ad-Hoc|ARM.Deploy.0 = Release|Any CPU
		{1C62B1BC-1835-4B8A-B3CB-E373CD06856B}.Ad-Hoc|iPhone.ActiveCfg = Release|Any CPU
		{1C62B1BC-1835-4B8A-B3CB-E373CD06856B}.Ad-Hoc|iPhone.Build.0 = Release|Any CPU
		{1C62B1BC-1835-4B8A-B3CB-E373CD06856B}.Ad-Hoc|iPhone.Deploy.0 = Release|Any CPU
		{1C62B1BC-1835-4B8A-B3CB-E373CD06856B}.Ad-Hoc|iPhoneSimulator.ActiveCfg = Release|Any CPU
		{1C62B1BC-1835-4B8A-B3CB-E373CD06856B}.Ad-Hoc|iPhoneSimulator.Build.0 = Release|Any CPU
		{1C62B1BC-1835-4B8A-B3CB-E373CD06856B}.Ad-Hoc|iPhoneSimulator.Deploy.0 = Release|Any CPU
		{1C62B1BC-1835-4B8A-B3CB-E373CD06856B}.Ad-Hoc|x64.ActiveCfg = Release|Any CPU
		{1C62B1BC-1835-4B8A-B3CB-E373CD06856B}.Ad-Hoc|x64.Build.0 = Release|Any CPU
		{1C62B1BC-1835-4B8A-B3CB-E373CD06856B}.Ad-Hoc|x64.Deploy.0 = Release|Any CPU
		{1C62B1BC-1835-4B8A-B3CB-E373CD06856B}.Ad-Hoc|x86.ActiveCfg = Release|Any CPU
		{1C62B1BC-1835-4B8A-B3CB-E373CD06856B}.Ad-Hoc|x86.Build.0 = Release|Any CPU
		{1C62B1BC-1835-4B8A-B3CB-E373CD06856B}.Ad-Hoc|x86.Deploy.0 = Release|Any CPU
		{1C62B1BC-1835-4B8A-B3CB-E373CD06856B}.AppStore|Any CPU.ActiveCfg = Release|Any CPU
		{1C62B1BC-1835-4B8A-B3CB-E373CD06856B}.AppStore|Any CPU.Build.0 = Release|Any CPU
		{1C62B1BC-1835-4B8A-B3CB-E373CD06856B}.AppStore|Any CPU.Deploy.0 = Release|Any CPU
		{1C62B1BC-1835-4B8A-B3CB-E373CD06856B}.AppStore|ARM.ActiveCfg = Release|Any CPU
		{1C62B1BC-1835-4B8A-B3CB-E373CD06856B}.AppStore|ARM.Build.0 = Release|Any CPU
		{1C62B1BC-1835-4B8A-B3CB-E373CD06856B}.AppStore|ARM.Deploy.0 = Release|Any CPU
		{1C62B1BC-1835-4B8A-B3CB-E373CD06856B}.AppStore|iPhone.ActiveCfg = Release|Any CPU
		{1C62B1BC-1835-4B8A-B3CB-E373CD06856B}.AppStore|iPhone.Build.0 = Release|Any CPU
		{1C62B1BC-1835-4B8A-B3CB-E373CD06856B}.AppStore|iPhone.Deploy.0 = Release|Any CPU
		{1C62B1BC-1835-4B8A-B3CB-E373CD06856B}.AppStore|iPhoneSimulator.ActiveCfg = Release|Any CPU
		{1C62B1BC-1835-4B8A-B3CB-E373CD06856B}.AppStore|iPhoneSimulator.Build.0 = Release|Any CPU
		{1C62B1BC-1835-4B8A-B3CB-E373CD06856B}.AppStore|iPhoneSimulator.Deploy.0 = Release|Any CPU
		{1C62B1BC-1835-4B8A-B3CB-E373CD06856B}.AppStore|x64.ActiveCfg = Release|Any CPU
		{1C62B1BC-1835-4B8A-B3CB-E373CD06856B}.AppStore|x64.Build.0 = Release|Any CPU
		{1C62B1BC-1835-4B8A-B3CB-E373CD06856B}.AppStore|x64.Deploy.0 = Release|Any CPU
		{1C62B1BC-1835-4B8A-B3CB-E373CD06856B}.AppStore|x86.ActiveCfg = Release|Any CPU
		{1C62B1BC-1835-4B8A-B3CB-E373CD06856B}.AppStore|x86.Build.0 = Release|Any CPU
		{1C62B1BC-1835-4B8A-B3CB-E373CD06856B}.AppStore|x86.Deploy.0 = Release|Any CPU
		{1C62B1BC-1835-4B8A-B3CB-E373CD06856B}.Debug|Any CPU.ActiveCfg = Debug|Any CPU
		{1C62B1BC-1835-4B8A-B3CB-E373CD06856B}.Debug|Any CPU.Build.0 = Debug|Any CPU
		{1C62B1BC-1835-4B8A-B3CB-E373CD06856B}.Debug|Any CPU.Deploy.0 = Debug|Any CPU
		{1C62B1BC-1835-4B8A-B3CB-E373CD06856B}.Debug|ARM.ActiveCfg = Debug|Any CPU
		{1C62B1BC-1835-4B8A-B3CB-E373CD06856B}.Debug|ARM.Build.0 = Debug|Any CPU
		{1C62B1BC-1835-4B8A-B3CB-E373CD06856B}.Debug|ARM.Deploy.0 = Debug|Any CPU
		{1C62B1BC-1835-4B8A-B3CB-E373CD06856B}.Debug|iPhone.ActiveCfg = Debug|Any CPU
		{1C62B1BC-1835-4B8A-B3CB-E373CD06856B}.Debug|iPhone.Build.0 = Debug|Any CPU
		{1C62B1BC-1835-4B8A-B3CB-E373CD06856B}.Debug|iPhone.Deploy.0 = Debug|Any CPU
		{1C62B1BC-1835-4B8A-B3CB-E373CD06856B}.Debug|iPhoneSimulator.ActiveCfg = Debug|Any CPU
		{1C62B1BC-1835-4B8A-B3CB-E373CD06856B}.Debug|iPhoneSimulator.Build.0 = Debug|Any CPU
		{1C62B1BC-1835-4B8A-B3CB-E373CD06856B}.Debug|iPhoneSimulator.Deploy.0 = Debug|Any CPU
		{1C62B1BC-1835-4B8A-B3CB-E373CD06856B}.Debug|x64.ActiveCfg = Debug|Any CPU
		{1C62B1BC-1835-4B8A-B3CB-E373CD06856B}.Debug|x64.Build.0 = Debug|Any CPU
		{1C62B1BC-1835-4B8A-B3CB-E373CD06856B}.Debug|x64.Deploy.0 = Debug|Any CPU
		{1C62B1BC-1835-4B8A-B3CB-E373CD06856B}.Debug|x86.ActiveCfg = Debug|Any CPU
		{1C62B1BC-1835-4B8A-B3CB-E373CD06856B}.Debug|x86.Build.0 = Debug|Any CPU
		{1C62B1BC-1835-4B8A-B3CB-E373CD06856B}.Debug|x86.Deploy.0 = Debug|Any CPU
		{1C62B1BC-1835-4B8A-B3CB-E373CD06856B}.Release|Any CPU.ActiveCfg = Release|Any CPU
		{1C62B1BC-1835-4B8A-B3CB-E373CD06856B}.Release|Any CPU.Build.0 = Release|Any CPU
		{1C62B1BC-1835-4B8A-B3CB-E373CD06856B}.Release|Any CPU.Deploy.0 = Release|Any CPU
		{1C62B1BC-1835-4B8A-B3CB-E373CD06856B}.Release|ARM.ActiveCfg = Release|Any CPU
		{1C62B1BC-1835-4B8A-B3CB-E373CD06856B}.Release|ARM.Build.0 = Release|Any CPU
		{1C62B1BC-1835-4B8A-B3CB-E373CD06856B}.Release|ARM.Deploy.0 = Release|Any CPU
		{1C62B1BC-1835-4B8A-B3CB-E373CD06856B}.Release|iPhone.ActiveCfg = Release|Any CPU
		{1C62B1BC-1835-4B8A-B3CB-E373CD06856B}.Release|iPhone.Build.0 = Release|Any CPU
		{1C62B1BC-1835-4B8A-B3CB-E373CD06856B}.Release|iPhone.Deploy.0 = Release|Any CPU
		{1C62B1BC-1835-4B8A-B3CB-E373CD06856B}.Release|iPhoneSimulator.ActiveCfg = Release|Any CPU
		{1C62B1BC-1835-4B8A-B3CB-E373CD06856B}.Release|iPhoneSimulator.Build.0 = Release|Any CPU
		{1C62B1BC-1835-4B8A-B3CB-E373CD06856B}.Release|iPhoneSimulator.Deploy.0 = Release|Any CPU
		{1C62B1BC-1835-4B8A-B3CB-E373CD06856B}.Release|x64.ActiveCfg = Release|Any CPU
		{1C62B1BC-1835-4B8A-B3CB-E373CD06856B}.Release|x64.Build.0 = Release|Any CPU
		{1C62B1BC-1835-4B8A-B3CB-E373CD06856B}.Release|x64.Deploy.0 = Release|Any CPU
		{1C62B1BC-1835-4B8A-B3CB-E373CD06856B}.Release|x86.ActiveCfg = Release|Any CPU
		{1C62B1BC-1835-4B8A-B3CB-E373CD06856B}.Release|x86.Build.0 = Release|Any CPU
		{1C62B1BC-1835-4B8A-B3CB-E373CD06856B}.Release|x86.Deploy.0 = Release|Any CPU
		{AF72A2AD-233B-4A1E-AA18-B42913BF2855}.Ad-Hoc|Any CPU.ActiveCfg = Ad-Hoc|iPhone
		{AF72A2AD-233B-4A1E-AA18-B42913BF2855}.Ad-Hoc|ARM.ActiveCfg = Ad-Hoc|iPhone
		{AF72A2AD-233B-4A1E-AA18-B42913BF2855}.Ad-Hoc|iPhone.ActiveCfg = Ad-Hoc|iPhone
		{AF72A2AD-233B-4A1E-AA18-B42913BF2855}.Ad-Hoc|iPhone.Build.0 = Ad-Hoc|iPhone
		{AF72A2AD-233B-4A1E-AA18-B42913BF2855}.Ad-Hoc|iPhoneSimulator.ActiveCfg = Ad-Hoc|iPhoneSimulator
		{AF72A2AD-233B-4A1E-AA18-B42913BF2855}.Ad-Hoc|iPhoneSimulator.Build.0 = Ad-Hoc|iPhoneSimulator
		{AF72A2AD-233B-4A1E-AA18-B42913BF2855}.Ad-Hoc|x64.ActiveCfg = Ad-Hoc|iPhone
		{AF72A2AD-233B-4A1E-AA18-B42913BF2855}.Ad-Hoc|x86.ActiveCfg = Ad-Hoc|iPhone
		{AF72A2AD-233B-4A1E-AA18-B42913BF2855}.AppStore|Any CPU.ActiveCfg = AppStore|iPhone
		{AF72A2AD-233B-4A1E-AA18-B42913BF2855}.AppStore|ARM.ActiveCfg = AppStore|iPhone
		{AF72A2AD-233B-4A1E-AA18-B42913BF2855}.AppStore|iPhone.ActiveCfg = AppStore|iPhone
		{AF72A2AD-233B-4A1E-AA18-B42913BF2855}.AppStore|iPhone.Build.0 = AppStore|iPhone
		{AF72A2AD-233B-4A1E-AA18-B42913BF2855}.AppStore|iPhoneSimulator.ActiveCfg = AppStore|iPhoneSimulator
		{AF72A2AD-233B-4A1E-AA18-B42913BF2855}.AppStore|iPhoneSimulator.Build.0 = AppStore|iPhoneSimulator
		{AF72A2AD-233B-4A1E-AA18-B42913BF2855}.AppStore|x64.ActiveCfg = AppStore|iPhone
		{AF72A2AD-233B-4A1E-AA18-B42913BF2855}.AppStore|x86.ActiveCfg = AppStore|iPhone
		{AF72A2AD-233B-4A1E-AA18-B42913BF2855}.Debug|Any CPU.ActiveCfg = Debug|iPhone
		{AF72A2AD-233B-4A1E-AA18-B42913BF2855}.Debug|ARM.ActiveCfg = Debug|iPhone
		{AF72A2AD-233B-4A1E-AA18-B42913BF2855}.Debug|iPhone.ActiveCfg = Debug|iPhone
		{AF72A2AD-233B-4A1E-AA18-B42913BF2855}.Debug|iPhone.Build.0 = Debug|iPhone
		{AF72A2AD-233B-4A1E-AA18-B42913BF2855}.Debug|iPhoneSimulator.ActiveCfg = Debug|iPhoneSimulator
		{AF72A2AD-233B-4A1E-AA18-B42913BF2855}.Debug|iPhoneSimulator.Build.0 = Debug|iPhoneSimulator
		{AF72A2AD-233B-4A1E-AA18-B42913BF2855}.Debug|x64.ActiveCfg = Debug|iPhone
		{AF72A2AD-233B-4A1E-AA18-B42913BF2855}.Debug|x86.ActiveCfg = Debug|iPhone
		{AF72A2AD-233B-4A1E-AA18-B42913BF2855}.Release|Any CPU.ActiveCfg = Release|iPhone
		{AF72A2AD-233B-4A1E-AA18-B42913BF2855}.Release|ARM.ActiveCfg = Release|iPhone
		{AF72A2AD-233B-4A1E-AA18-B42913BF2855}.Release|iPhone.ActiveCfg = Release|iPhone
		{AF72A2AD-233B-4A1E-AA18-B42913BF2855}.Release|iPhone.Build.0 = Release|iPhone
		{AF72A2AD-233B-4A1E-AA18-B42913BF2855}.Release|iPhoneSimulator.ActiveCfg = Release|iPhoneSimulator
		{AF72A2AD-233B-4A1E-AA18-B42913BF2855}.Release|iPhoneSimulator.Build.0 = Release|iPhoneSimulator
		{AF72A2AD-233B-4A1E-AA18-B42913BF2855}.Release|x64.ActiveCfg = Release|iPhone
		{AF72A2AD-233B-4A1E-AA18-B42913BF2855}.Release|x86.ActiveCfg = Release|iPhone
		{C78B0D12-B4DA-4D67-A9BB-A1242B9D9D27}.Ad-Hoc|Any CPU.ActiveCfg = Release|x64
		{C78B0D12-B4DA-4D67-A9BB-A1242B9D9D27}.Ad-Hoc|Any CPU.Build.0 = Release|x64
		{C78B0D12-B4DA-4D67-A9BB-A1242B9D9D27}.Ad-Hoc|Any CPU.Deploy.0 = Release|x64
		{C78B0D12-B4DA-4D67-A9BB-A1242B9D9D27}.Ad-Hoc|ARM.ActiveCfg = Release|ARM
		{C78B0D12-B4DA-4D67-A9BB-A1242B9D9D27}.Ad-Hoc|ARM.Build.0 = Release|ARM
		{C78B0D12-B4DA-4D67-A9BB-A1242B9D9D27}.Ad-Hoc|ARM.Deploy.0 = Release|ARM
		{C78B0D12-B4DA-4D67-A9BB-A1242B9D9D27}.Ad-Hoc|iPhone.ActiveCfg = Release|x64
		{C78B0D12-B4DA-4D67-A9BB-A1242B9D9D27}.Ad-Hoc|iPhone.Build.0 = Release|x64
		{C78B0D12-B4DA-4D67-A9BB-A1242B9D9D27}.Ad-Hoc|iPhone.Deploy.0 = Release|x64
		{C78B0D12-B4DA-4D67-A9BB-A1242B9D9D27}.Ad-Hoc|iPhoneSimulator.ActiveCfg = Release|x64
		{C78B0D12-B4DA-4D67-A9BB-A1242B9D9D27}.Ad-Hoc|iPhoneSimulator.Build.0 = Release|x64
		{C78B0D12-B4DA-4D67-A9BB-A1242B9D9D27}.Ad-Hoc|iPhoneSimulator.Deploy.0 = Release|x64
		{C78B0D12-B4DA-4D67-A9BB-A1242B9D9D27}.Ad-Hoc|x64.ActiveCfg = Release|x64
		{C78B0D12-B4DA-4D67-A9BB-A1242B9D9D27}.Ad-Hoc|x64.Build.0 = Release|x64
		{C78B0D12-B4DA-4D67-A9BB-A1242B9D9D27}.Ad-Hoc|x64.Deploy.0 = Release|x64
		{C78B0D12-B4DA-4D67-A9BB-A1242B9D9D27}.Ad-Hoc|x86.ActiveCfg = Release|x86
		{C78B0D12-B4DA-4D67-A9BB-A1242B9D9D27}.Ad-Hoc|x86.Build.0 = Release|x86
		{C78B0D12-B4DA-4D67-A9BB-A1242B9D9D27}.Ad-Hoc|x86.Deploy.0 = Release|x86
		{C78B0D12-B4DA-4D67-A9BB-A1242B9D9D27}.AppStore|Any CPU.ActiveCfg = Release|x64
		{C78B0D12-B4DA-4D67-A9BB-A1242B9D9D27}.AppStore|Any CPU.Build.0 = Release|x64
		{C78B0D12-B4DA-4D67-A9BB-A1242B9D9D27}.AppStore|Any CPU.Deploy.0 = Release|x64
		{C78B0D12-B4DA-4D67-A9BB-A1242B9D9D27}.AppStore|ARM.ActiveCfg = Release|ARM
		{C78B0D12-B4DA-4D67-A9BB-A1242B9D9D27}.AppStore|ARM.Build.0 = Release|ARM
		{C78B0D12-B4DA-4D67-A9BB-A1242B9D9D27}.AppStore|ARM.Deploy.0 = Release|ARM
		{C78B0D12-B4DA-4D67-A9BB-A1242B9D9D27}.AppStore|iPhone.ActiveCfg = Release|x64
		{C78B0D12-B4DA-4D67-A9BB-A1242B9D9D27}.AppStore|iPhone.Build.0 = Release|x64
		{C78B0D12-B4DA-4D67-A9BB-A1242B9D9D27}.AppStore|iPhone.Deploy.0 = Release|x64
		{C78B0D12-B4DA-4D67-A9BB-A1242B9D9D27}.AppStore|iPhoneSimulator.ActiveCfg = Release|x64
		{C78B0D12-B4DA-4D67-A9BB-A1242B9D9D27}.AppStore|iPhoneSimulator.Build.0 = Release|x64
		{C78B0D12-B4DA-4D67-A9BB-A1242B9D9D27}.AppStore|iPhoneSimulator.Deploy.0 = Release|x64
		{C78B0D12-B4DA-4D67-A9BB-A1242B9D9D27}.AppStore|x64.ActiveCfg = Release|x64
		{C78B0D12-B4DA-4D67-A9BB-A1242B9D9D27}.AppStore|x64.Build.0 = Release|x64
		{C78B0D12-B4DA-4D67-A9BB-A1242B9D9D27}.AppStore|x64.Deploy.0 = Release|x64
		{C78B0D12-B4DA-4D67-A9BB-A1242B9D9D27}.AppStore|x86.ActiveCfg = Release|x86
		{C78B0D12-B4DA-4D67-A9BB-A1242B9D9D27}.AppStore|x86.Build.0 = Release|x86
		{C78B0D12-B4DA-4D67-A9BB-A1242B9D9D27}.AppStore|x86.Deploy.0 = Release|x86
		{C78B0D12-B4DA-4D67-A9BB-A1242B9D9D27}.Debug|Any CPU.ActiveCfg = Debug|x86
		{C78B0D12-B4DA-4D67-A9BB-A1242B9D9D27}.Debug|ARM.ActiveCfg = Debug|ARM
		{C78B0D12-B4DA-4D67-A9BB-A1242B9D9D27}.Debug|ARM.Build.0 = Debug|ARM
		{C78B0D12-B4DA-4D67-A9BB-A1242B9D9D27}.Debug|ARM.Deploy.0 = Debug|ARM
		{C78B0D12-B4DA-4D67-A9BB-A1242B9D9D27}.Debug|iPhone.ActiveCfg = Debug|x86
		{C78B0D12-B4DA-4D67-A9BB-A1242B9D9D27}.Debug|iPhoneSimulator.ActiveCfg = Debug|x86
		{C78B0D12-B4DA-4D67-A9BB-A1242B9D9D27}.Debug|x64.ActiveCfg = Debug|x64
		{C78B0D12-B4DA-4D67-A9BB-A1242B9D9D27}.Debug|x64.Build.0 = Debug|x64
		{C78B0D12-B4DA-4D67-A9BB-A1242B9D9D27}.Debug|x64.Deploy.0 = Debug|x64
		{C78B0D12-B4DA-4D67-A9BB-A1242B9D9D27}.Debug|x86.ActiveCfg = Debug|x86
		{C78B0D12-B4DA-4D67-A9BB-A1242B9D9D27}.Debug|x86.Build.0 = Debug|x86
		{C78B0D12-B4DA-4D67-A9BB-A1242B9D9D27}.Debug|x86.Deploy.0 = Debug|x86
		{C78B0D12-B4DA-4D67-A9BB-A1242B9D9D27}.Release|Any CPU.ActiveCfg = Release|x86
		{C78B0D12-B4DA-4D67-A9BB-A1242B9D9D27}.Release|ARM.ActiveCfg = Release|ARM
		{C78B0D12-B4DA-4D67-A9BB-A1242B9D9D27}.Release|ARM.Build.0 = Release|ARM
		{C78B0D12-B4DA-4D67-A9BB-A1242B9D9D27}.Release|ARM.Deploy.0 = Release|ARM
		{C78B0D12-B4DA-4D67-A9BB-A1242B9D9D27}.Release|iPhone.ActiveCfg = Release|x86
		{C78B0D12-B4DA-4D67-A9BB-A1242B9D9D27}.Release|iPhoneSimulator.ActiveCfg = Release|x86
		{C78B0D12-B4DA-4D67-A9BB-A1242B9D9D27}.Release|x64.ActiveCfg = Release|x64
		{C78B0D12-B4DA-4D67-A9BB-A1242B9D9D27}.Release|x64.Build.0 = Release|x64
		{C78B0D12-B4DA-4D67-A9BB-A1242B9D9D27}.Release|x64.Deploy.0 = Release|x64
		{C78B0D12-B4DA-4D67-A9BB-A1242B9D9D27}.Release|x86.ActiveCfg = Release|x86
		{C78B0D12-B4DA-4D67-A9BB-A1242B9D9D27}.Release|x86.Build.0 = Release|x86
		{C78B0D12-B4DA-4D67-A9BB-A1242B9D9D27}.Release|x86.Deploy.0 = Release|x86
		{02C09B6B-3CE6-4BB1-A785-8B33C7A98719}.Ad-Hoc|Any CPU.ActiveCfg = Debug|Any CPU
		{02C09B6B-3CE6-4BB1-A785-8B33C7A98719}.Ad-Hoc|Any CPU.Build.0 = Debug|Any CPU
		{02C09B6B-3CE6-4BB1-A785-8B33C7A98719}.Ad-Hoc|ARM.ActiveCfg = Debug|Any CPU
		{02C09B6B-3CE6-4BB1-A785-8B33C7A98719}.Ad-Hoc|ARM.Build.0 = Debug|Any CPU
		{02C09B6B-3CE6-4BB1-A785-8B33C7A98719}.Ad-Hoc|iPhone.ActiveCfg = Debug|Any CPU
		{02C09B6B-3CE6-4BB1-A785-8B33C7A98719}.Ad-Hoc|iPhone.Build.0 = Debug|Any CPU
		{02C09B6B-3CE6-4BB1-A785-8B33C7A98719}.Ad-Hoc|iPhoneSimulator.ActiveCfg = Debug|Any CPU
		{02C09B6B-3CE6-4BB1-A785-8B33C7A98719}.Ad-Hoc|iPhoneSimulator.Build.0 = Debug|Any CPU
		{02C09B6B-3CE6-4BB1-A785-8B33C7A98719}.Ad-Hoc|x64.ActiveCfg = Debug|Any CPU
		{02C09B6B-3CE6-4BB1-A785-8B33C7A98719}.Ad-Hoc|x64.Build.0 = Debug|Any CPU
		{02C09B6B-3CE6-4BB1-A785-8B33C7A98719}.Ad-Hoc|x86.ActiveCfg = Debug|Any CPU
		{02C09B6B-3CE6-4BB1-A785-8B33C7A98719}.Ad-Hoc|x86.Build.0 = Debug|Any CPU
		{02C09B6B-3CE6-4BB1-A785-8B33C7A98719}.AppStore|Any CPU.ActiveCfg = Debug|Any CPU
		{02C09B6B-3CE6-4BB1-A785-8B33C7A98719}.AppStore|Any CPU.Build.0 = Debug|Any CPU
		{02C09B6B-3CE6-4BB1-A785-8B33C7A98719}.AppStore|ARM.ActiveCfg = Debug|Any CPU
		{02C09B6B-3CE6-4BB1-A785-8B33C7A98719}.AppStore|ARM.Build.0 = Debug|Any CPU
		{02C09B6B-3CE6-4BB1-A785-8B33C7A98719}.AppStore|iPhone.ActiveCfg = Debug|Any CPU
		{02C09B6B-3CE6-4BB1-A785-8B33C7A98719}.AppStore|iPhone.Build.0 = Debug|Any CPU
		{02C09B6B-3CE6-4BB1-A785-8B33C7A98719}.AppStore|iPhoneSimulator.ActiveCfg = Debug|Any CPU
		{02C09B6B-3CE6-4BB1-A785-8B33C7A98719}.AppStore|iPhoneSimulator.Build.0 = Debug|Any CPU
		{02C09B6B-3CE6-4BB1-A785-8B33C7A98719}.AppStore|x64.ActiveCfg = Debug|Any CPU
		{02C09B6B-3CE6-4BB1-A785-8B33C7A98719}.AppStore|x64.Build.0 = Debug|Any CPU
		{02C09B6B-3CE6-4BB1-A785-8B33C7A98719}.AppStore|x86.ActiveCfg = Debug|Any CPU
		{02C09B6B-3CE6-4BB1-A785-8B33C7A98719}.AppStore|x86.Build.0 = Debug|Any CPU
		{02C09B6B-3CE6-4BB1-A785-8B33C7A98719}.Debug|Any CPU.ActiveCfg = Debug|Any CPU
		{02C09B6B-3CE6-4BB1-A785-8B33C7A98719}.Debug|Any CPU.Build.0 = Debug|Any CPU
		{02C09B6B-3CE6-4BB1-A785-8B33C7A98719}.Debug|ARM.ActiveCfg = Debug|Any CPU
		{02C09B6B-3CE6-4BB1-A785-8B33C7A98719}.Debug|ARM.Build.0 = Debug|Any CPU
		{02C09B6B-3CE6-4BB1-A785-8B33C7A98719}.Debug|iPhone.ActiveCfg = Debug|Any CPU
		{02C09B6B-3CE6-4BB1-A785-8B33C7A98719}.Debug|iPhone.Build.0 = Debug|Any CPU
		{02C09B6B-3CE6-4BB1-A785-8B33C7A98719}.Debug|iPhoneSimulator.ActiveCfg = Debug|Any CPU
		{02C09B6B-3CE6-4BB1-A785-8B33C7A98719}.Debug|iPhoneSimulator.Build.0 = Debug|Any CPU
		{02C09B6B-3CE6-4BB1-A785-8B33C7A98719}.Debug|x64.ActiveCfg = Debug|Any CPU
		{02C09B6B-3CE6-4BB1-A785-8B33C7A98719}.Debug|x64.Build.0 = Debug|Any CPU
		{02C09B6B-3CE6-4BB1-A785-8B33C7A98719}.Debug|x86.ActiveCfg = Debug|Any CPU
		{02C09B6B-3CE6-4BB1-A785-8B33C7A98719}.Debug|x86.Build.0 = Debug|Any CPU
		{02C09B6B-3CE6-4BB1-A785-8B33C7A98719}.Release|Any CPU.ActiveCfg = Release|Any CPU
		{02C09B6B-3CE6-4BB1-A785-8B33C7A98719}.Release|Any CPU.Build.0 = Release|Any CPU
		{02C09B6B-3CE6-4BB1-A785-8B33C7A98719}.Release|ARM.ActiveCfg = Release|Any CPU
		{02C09B6B-3CE6-4BB1-A785-8B33C7A98719}.Release|ARM.Build.0 = Release|Any CPU
		{02C09B6B-3CE6-4BB1-A785-8B33C7A98719}.Release|iPhone.ActiveCfg = Release|Any CPU
		{02C09B6B-3CE6-4BB1-A785-8B33C7A98719}.Release|iPhone.Build.0 = Release|Any CPU
		{02C09B6B-3CE6-4BB1-A785-8B33C7A98719}.Release|iPhoneSimulator.ActiveCfg = Release|Any CPU
		{02C09B6B-3CE6-4BB1-A785-8B33C7A98719}.Release|iPhoneSimulator.Build.0 = Release|Any CPU
		{02C09B6B-3CE6-4BB1-A785-8B33C7A98719}.Release|x64.ActiveCfg = Release|Any CPU
		{02C09B6B-3CE6-4BB1-A785-8B33C7A98719}.Release|x64.Build.0 = Release|Any CPU
		{02C09B6B-3CE6-4BB1-A785-8B33C7A98719}.Release|x86.ActiveCfg = Release|Any CPU
		{02C09B6B-3CE6-4BB1-A785-8B33C7A98719}.Release|x86.Build.0 = Release|Any CPU
	EndGlobalSection
	GlobalSection(SolutionProperties) = preSolution
		HideSolutionNode = FALSE
	EndGlobalSection
	GlobalSection(ExtensibilityGlobals) = postSolution
		SolutionGuid = {0E23F5B3-145A-4E0D-A770-01D2C14E0E73}
	EndGlobalSection
EndGlobal
