
Microsoft Visual Studio Solution File, Format Version 12.00
# Visual Studio Version 16
VisualStudioVersion = 16.0.29418.71
MinimumVisualStudioVersion = 10.0.40219.1
Project("{D954291E-2A0B-460D-934E-DC6B0785DB48}") = "UnoSampleApp.Shared", "UnoSampleApp\UnoSampleApp.Shared\UnoSampleApp.Shared.shproj", "{6279C845-92F8-4333-AB99-3D213163593C}"
EndProject
Project("{FAE04EC0-301F-11D3-BF4B-00C04F79EFBC}") = "UnoSampleApp.Droid", "UnoSampleApp\UnoSampleApp.Droid\UnoSampleApp.Droid.csproj", "{4AB6923C-968D-4836-8C37-D334D4E2EA4B}"
EndProject
Project("{FAE04EC0-301F-11D3-BF4B-00C04F79EFBC}") = "UnoSampleApp.iOS", "UnoSampleApp\UnoSampleApp.iOS\UnoSampleApp.iOS.csproj", "{A60A3A10-8699-4823-9957-55FB802872D8}"
EndProject
Project("{FAE04EC0-301F-11D3-BF4B-00C04F79EFBC}") = "UnoSampleApp.UWP", "UnoSampleApp\UnoSampleApp.UWP\UnoSampleApp.UWP.csproj", "{E31DA344-0420-4366-A457-6FE1D27FCE27}"
EndProject
Project("{FAE04EC0-301F-11D3-BF4B-00C04F79EFBC}") = "UnoSampleApp.Wasm", "UnoSampleApp\UnoSampleApp.Wasm\UnoSampleApp.Wasm.csproj", "{A5EB6F92-8111-43B3-ABBA-95BB5BB14625}"
EndProject
Global
	GlobalSection(SharedMSBuildProjectFiles) = preSolution
		UnoSampleApp\UnoSampleApp.Shared\UnoSampleApp.Shared.projitems*{6279c845-92f8-4333-ab99-3d213163593c}*SharedItemsImports = 13
	EndGlobalSection
	GlobalSection(SolutionConfigurationPlatforms) = preSolution
		Ad-Hoc|Any CPU = Ad-Hoc|Any CPU
		Ad-Hoc|ARM = Ad-Hoc|ARM
		Ad-Hoc|iPhone = Ad-Hoc|iPhone
		Ad-Hoc|iPhoneSimulator = Ad-Hoc|iPhoneSimulator
		Ad-Hoc|x64 = Ad-Hoc|x64
		Ad-Hoc|x86 = Ad-Hoc|x86
		AppStore|Any CPU = AppStore|Any CPU
		AppStore|ARM = AppStore|ARM
		AppStore|iPhone = AppStore|iPhone
		AppStore|iPhoneSimulator = AppStore|iPhoneSimulator
		AppStore|x64 = AppStore|x64
		AppStore|x86 = AppStore|x86
		Debug|Any CPU = Debug|Any CPU
		Debug|ARM = Debug|ARM
		Debug|iPhone = Debug|iPhone
		Debug|iPhoneSimulator = Debug|iPhoneSimulator
		Debug|x64 = Debug|x64
		Debug|x86 = Debug|x86
		Release|Any CPU = Release|Any CPU
		Release|ARM = Release|ARM
		Release|iPhone = Release|iPhone
		Release|iPhoneSimulator = Release|iPhoneSimulator
		Release|x64 = Release|x64
		Release|x86 = Release|x86
	EndGlobalSection
	GlobalSection(ProjectConfigurationPlatforms) = postSolution
		{4AB6923C-968D-4836-8C37-D334D4E2EA4B}.Ad-Hoc|Any CPU.ActiveCfg = Release|Any CPU
		{4AB6923C-968D-4836-8C37-D334D4E2EA4B}.Ad-Hoc|Any CPU.Build.0 = Release|Any CPU
		{4AB6923C-968D-4836-8C37-D334D4E2EA4B}.Ad-Hoc|Any CPU.Deploy.0 = Release|Any CPU
		{4AB6923C-968D-4836-8C37-D334D4E2EA4B}.Ad-Hoc|ARM.ActiveCfg = Release|Any CPU
		{4AB6923C-968D-4836-8C37-D334D4E2EA4B}.Ad-Hoc|ARM.Build.0 = Release|Any CPU
		{4AB6923C-968D-4836-8C37-D334D4E2EA4B}.Ad-Hoc|ARM.Deploy.0 = Release|Any CPU
		{4AB6923C-968D-4836-8C37-D334D4E2EA4B}.Ad-Hoc|iPhone.ActiveCfg = Release|Any CPU
		{4AB6923C-968D-4836-8C37-D334D4E2EA4B}.Ad-Hoc|iPhone.Build.0 = Release|Any CPU
		{4AB6923C-968D-4836-8C37-D334D4E2EA4B}.Ad-Hoc|iPhone.Deploy.0 = Release|Any CPU
		{4AB6923C-968D-4836-8C37-D334D4E2EA4B}.Ad-Hoc|iPhoneSimulator.ActiveCfg = Release|Any CPU
		{4AB6923C-968D-4836-8C37-D334D4E2EA4B}.Ad-Hoc|iPhoneSimulator.Build.0 = Release|Any CPU
		{4AB6923C-968D-4836-8C37-D334D4E2EA4B}.Ad-Hoc|iPhoneSimulator.Deploy.0 = Release|Any CPU
		{4AB6923C-968D-4836-8C37-D334D4E2EA4B}.Ad-Hoc|x64.ActiveCfg = Release|Any CPU
		{4AB6923C-968D-4836-8C37-D334D4E2EA4B}.Ad-Hoc|x64.Build.0 = Release|Any CPU
		{4AB6923C-968D-4836-8C37-D334D4E2EA4B}.Ad-Hoc|x64.Deploy.0 = Release|Any CPU
		{4AB6923C-968D-4836-8C37-D334D4E2EA4B}.Ad-Hoc|x86.ActiveCfg = Release|Any CPU
		{4AB6923C-968D-4836-8C37-D334D4E2EA4B}.Ad-Hoc|x86.Build.0 = Release|Any CPU
		{4AB6923C-968D-4836-8C37-D334D4E2EA4B}.Ad-Hoc|x86.Deploy.0 = Release|Any CPU
		{4AB6923C-968D-4836-8C37-D334D4E2EA4B}.AppStore|Any CPU.ActiveCfg = Release|Any CPU
		{4AB6923C-968D-4836-8C37-D334D4E2EA4B}.AppStore|Any CPU.Build.0 = Release|Any CPU
		{4AB6923C-968D-4836-8C37-D334D4E2EA4B}.AppStore|Any CPU.Deploy.0 = Release|Any CPU
		{4AB6923C-968D-4836-8C37-D334D4E2EA4B}.AppStore|ARM.ActiveCfg = Release|Any CPU
		{4AB6923C-968D-4836-8C37-D334D4E2EA4B}.AppStore|ARM.Build.0 = Release|Any CPU
		{4AB6923C-968D-4836-8C37-D334D4E2EA4B}.AppStore|ARM.Deploy.0 = Release|Any CPU
		{4AB6923C-968D-4836-8C37-D334D4E2EA4B}.AppStore|iPhone.ActiveCfg = Release|Any CPU
		{4AB6923C-968D-4836-8C37-D334D4E2EA4B}.AppStore|iPhone.Build.0 = Release|Any CPU
		{4AB6923C-968D-4836-8C37-D334D4E2EA4B}.AppStore|iPhone.Deploy.0 = Release|Any CPU
		{4AB6923C-968D-4836-8C37-D334D4E2EA4B}.AppStore|iPhoneSimulator.ActiveCfg = Release|Any CPU
		{4AB6923C-968D-4836-8C37-D334D4E2EA4B}.AppStore|iPhoneSimulator.Build.0 = Release|Any CPU
		{4AB6923C-968D-4836-8C37-D334D4E2EA4B}.AppStore|iPhoneSimulator.Deploy.0 = Release|Any CPU
		{4AB6923C-968D-4836-8C37-D334D4E2EA4B}.AppStore|x64.ActiveCfg = Release|Any CPU
		{4AB6923C-968D-4836-8C37-D334D4E2EA4B}.AppStore|x64.Build.0 = Release|Any CPU
		{4AB6923C-968D-4836-8C37-D334D4E2EA4B}.AppStore|x64.Deploy.0 = Release|Any CPU
		{4AB6923C-968D-4836-8C37-D334D4E2EA4B}.AppStore|x86.ActiveCfg = Release|Any CPU
		{4AB6923C-968D-4836-8C37-D334D4E2EA4B}.AppStore|x86.Build.0 = Release|Any CPU
		{4AB6923C-968D-4836-8C37-D334D4E2EA4B}.AppStore|x86.Deploy.0 = Release|Any CPU
		{4AB6923C-968D-4836-8C37-D334D4E2EA4B}.Debug|Any CPU.ActiveCfg = Debug|Any CPU
		{4AB6923C-968D-4836-8C37-D334D4E2EA4B}.Debug|Any CPU.Build.0 = Debug|Any CPU
		{4AB6923C-968D-4836-8C37-D334D4E2EA4B}.Debug|Any CPU.Deploy.0 = Debug|Any CPU
		{4AB6923C-968D-4836-8C37-D334D4E2EA4B}.Debug|ARM.ActiveCfg = Debug|Any CPU
		{4AB6923C-968D-4836-8C37-D334D4E2EA4B}.Debug|ARM.Build.0 = Debug|Any CPU
		{4AB6923C-968D-4836-8C37-D334D4E2EA4B}.Debug|ARM.Deploy.0 = Debug|Any CPU
		{4AB6923C-968D-4836-8C37-D334D4E2EA4B}.Debug|iPhone.ActiveCfg = Debug|Any CPU
		{4AB6923C-968D-4836-8C37-D334D4E2EA4B}.Debug|iPhone.Build.0 = Debug|Any CPU
		{4AB6923C-968D-4836-8C37-D334D4E2EA4B}.Debug|iPhone.Deploy.0 = Debug|Any CPU
		{4AB6923C-968D-4836-8C37-D334D4E2EA4B}.Debug|iPhoneSimulator.ActiveCfg = Debug|Any CPU
		{4AB6923C-968D-4836-8C37-D334D4E2EA4B}.Debug|iPhoneSimulator.Build.0 = Debug|Any CPU
		{4AB6923C-968D-4836-8C37-D334D4E2EA4B}.Debug|iPhoneSimulator.Deploy.0 = Debug|Any CPU
		{4AB6923C-968D-4836-8C37-D334D4E2EA4B}.Debug|x64.ActiveCfg = Debug|Any CPU
		{4AB6923C-968D-4836-8C37-D334D4E2EA4B}.Debug|x64.Build.0 = Debug|Any CPU
		{4AB6923C-968D-4836-8C37-D334D4E2EA4B}.Debug|x64.Deploy.0 = Debug|Any CPU
		{4AB6923C-968D-4836-8C37-D334D4E2EA4B}.Debug|x86.ActiveCfg = Debug|Any CPU
		{4AB6923C-968D-4836-8C37-D334D4E2EA4B}.Debug|x86.Build.0 = Debug|Any CPU
		{4AB6923C-968D-4836-8C37-D334D4E2EA4B}.Debug|x86.Deploy.0 = Debug|Any CPU
		{4AB6923C-968D-4836-8C37-D334D4E2EA4B}.Release|Any CPU.ActiveCfg = Release|Any CPU
		{4AB6923C-968D-4836-8C37-D334D4E2EA4B}.Release|Any CPU.Build.0 = Release|Any CPU
		{4AB6923C-968D-4836-8C37-D334D4E2EA4B}.Release|Any CPU.Deploy.0 = Release|Any CPU
		{4AB6923C-968D-4836-8C37-D334D4E2EA4B}.Release|ARM.ActiveCfg = Release|Any CPU
		{4AB6923C-968D-4836-8C37-D334D4E2EA4B}.Release|ARM.Build.0 = Release|Any CPU
		{4AB6923C-968D-4836-8C37-D334D4E2EA4B}.Release|ARM.Deploy.0 = Release|Any CPU
		{4AB6923C-968D-4836-8C37-D334D4E2EA4B}.Release|iPhone.ActiveCfg = Release|Any CPU
		{4AB6923C-968D-4836-8C37-D334D4E2EA4B}.Release|iPhone.Build.0 = Release|Any CPU
		{4AB6923C-968D-4836-8C37-D334D4E2EA4B}.Release|iPhone.Deploy.0 = Release|Any CPU
		{4AB6923C-968D-4836-8C37-D334D4E2EA4B}.Release|iPhoneSimulator.ActiveCfg = Release|Any CPU
		{4AB6923C-968D-4836-8C37-D334D4E2EA4B}.Release|iPhoneSimulator.Build.0 = Release|Any CPU
		{4AB6923C-968D-4836-8C37-D334D4E2EA4B}.Release|iPhoneSimulator.Deploy.0 = Release|Any CPU
		{4AB6923C-968D-4836-8C37-D334D4E2EA4B}.Release|x64.ActiveCfg = Release|Any CPU
		{4AB6923C-968D-4836-8C37-D334D4E2EA4B}.Release|x64.Build.0 = Release|Any CPU
		{4AB6923C-968D-4836-8C37-D334D4E2EA4B}.Release|x64.Deploy.0 = Release|Any CPU
		{4AB6923C-968D-4836-8C37-D334D4E2EA4B}.Release|x86.ActiveCfg = Release|Any CPU
		{4AB6923C-968D-4836-8C37-D334D4E2EA4B}.Release|x86.Build.0 = Release|Any CPU
		{4AB6923C-968D-4836-8C37-D334D4E2EA4B}.Release|x86.Deploy.0 = Release|Any CPU
		{A60A3A10-8699-4823-9957-55FB802872D8}.Ad-Hoc|Any CPU.ActiveCfg = Ad-Hoc|iPhone
		{A60A3A10-8699-4823-9957-55FB802872D8}.Ad-Hoc|ARM.ActiveCfg = Ad-Hoc|iPhone
		{A60A3A10-8699-4823-9957-55FB802872D8}.Ad-Hoc|iPhone.ActiveCfg = Ad-Hoc|iPhone
		{A60A3A10-8699-4823-9957-55FB802872D8}.Ad-Hoc|iPhone.Build.0 = Ad-Hoc|iPhone
		{A60A3A10-8699-4823-9957-55FB802872D8}.Ad-Hoc|iPhoneSimulator.ActiveCfg = Ad-Hoc|iPhoneSimulator
		{A60A3A10-8699-4823-9957-55FB802872D8}.Ad-Hoc|iPhoneSimulator.Build.0 = Ad-Hoc|iPhoneSimulator
		{A60A3A10-8699-4823-9957-55FB802872D8}.Ad-Hoc|x64.ActiveCfg = Ad-Hoc|iPhone
		{A60A3A10-8699-4823-9957-55FB802872D8}.Ad-Hoc|x86.ActiveCfg = Ad-Hoc|iPhone
		{A60A3A10-8699-4823-9957-55FB802872D8}.AppStore|Any CPU.ActiveCfg = AppStore|iPhone
		{A60A3A10-8699-4823-9957-55FB802872D8}.AppStore|ARM.ActiveCfg = AppStore|iPhone
		{A60A3A10-8699-4823-9957-55FB802872D8}.AppStore|iPhone.ActiveCfg = AppStore|iPhone
		{A60A3A10-8699-4823-9957-55FB802872D8}.AppStore|iPhone.Build.0 = AppStore|iPhone
		{A60A3A10-8699-4823-9957-55FB802872D8}.AppStore|iPhoneSimulator.ActiveCfg = AppStore|iPhoneSimulator
		{A60A3A10-8699-4823-9957-55FB802872D8}.AppStore|iPhoneSimulator.Build.0 = AppStore|iPhoneSimulator
		{A60A3A10-8699-4823-9957-55FB802872D8}.AppStore|x64.ActiveCfg = AppStore|iPhone
		{A60A3A10-8699-4823-9957-55FB802872D8}.AppStore|x86.ActiveCfg = AppStore|iPhone
		{A60A3A10-8699-4823-9957-55FB802872D8}.Debug|Any CPU.ActiveCfg = Debug|iPhone
		{A60A3A10-8699-4823-9957-55FB802872D8}.Debug|ARM.ActiveCfg = Debug|iPhone
		{A60A3A10-8699-4823-9957-55FB802872D8}.Debug|iPhone.ActiveCfg = Debug|iPhone
		{A60A3A10-8699-4823-9957-55FB802872D8}.Debug|iPhone.Build.0 = Debug|iPhone
		{A60A3A10-8699-4823-9957-55FB802872D8}.Debug|iPhoneSimulator.ActiveCfg = Debug|iPhoneSimulator
		{A60A3A10-8699-4823-9957-55FB802872D8}.Debug|iPhoneSimulator.Build.0 = Debug|iPhoneSimulator
		{A60A3A10-8699-4823-9957-55FB802872D8}.Debug|x64.ActiveCfg = Debug|iPhone
		{A60A3A10-8699-4823-9957-55FB802872D8}.Debug|x86.ActiveCfg = Debug|iPhone
		{A60A3A10-8699-4823-9957-55FB802872D8}.Release|Any CPU.ActiveCfg = Release|iPhone
		{A60A3A10-8699-4823-9957-55FB802872D8}.Release|ARM.ActiveCfg = Release|iPhone
		{A60A3A10-8699-4823-9957-55FB802872D8}.Release|iPhone.ActiveCfg = Release|iPhone
		{A60A3A10-8699-4823-9957-55FB802872D8}.Release|iPhone.Build.0 = Release|iPhone
		{A60A3A10-8699-4823-9957-55FB802872D8}.Release|iPhoneSimulator.ActiveCfg = Release|iPhoneSimulator
		{A60A3A10-8699-4823-9957-55FB802872D8}.Release|iPhoneSimulator.Build.0 = Release|iPhoneSimulator
		{A60A3A10-8699-4823-9957-55FB802872D8}.Release|x64.ActiveCfg = Release|iPhone
		{A60A3A10-8699-4823-9957-55FB802872D8}.Release|x86.ActiveCfg = Release|iPhone
		{E31DA344-0420-4366-A457-6FE1D27FCE27}.Ad-Hoc|Any CPU.ActiveCfg = Release|x64
		{E31DA344-0420-4366-A457-6FE1D27FCE27}.Ad-Hoc|Any CPU.Build.0 = Release|x64
		{E31DA344-0420-4366-A457-6FE1D27FCE27}.Ad-Hoc|Any CPU.Deploy.0 = Release|x64
		{E31DA344-0420-4366-A457-6FE1D27FCE27}.Ad-Hoc|ARM.ActiveCfg = Release|ARM
		{E31DA344-0420-4366-A457-6FE1D27FCE27}.Ad-Hoc|ARM.Build.0 = Release|ARM
		{E31DA344-0420-4366-A457-6FE1D27FCE27}.Ad-Hoc|ARM.Deploy.0 = Release|ARM
		{E31DA344-0420-4366-A457-6FE1D27FCE27}.Ad-Hoc|iPhone.ActiveCfg = Release|x64
		{E31DA344-0420-4366-A457-6FE1D27FCE27}.Ad-Hoc|iPhone.Build.0 = Release|x64
		{E31DA344-0420-4366-A457-6FE1D27FCE27}.Ad-Hoc|iPhone.Deploy.0 = Release|x64
		{E31DA344-0420-4366-A457-6FE1D27FCE27}.Ad-Hoc|iPhoneSimulator.ActiveCfg = Release|x64
		{E31DA344-0420-4366-A457-6FE1D27FCE27}.Ad-Hoc|iPhoneSimulator.Build.0 = Release|x64
		{E31DA344-0420-4366-A457-6FE1D27FCE27}.Ad-Hoc|iPhoneSimulator.Deploy.0 = Release|x64
		{E31DA344-0420-4366-A457-6FE1D27FCE27}.Ad-Hoc|x64.ActiveCfg = Release|x64
		{E31DA344-0420-4366-A457-6FE1D27FCE27}.Ad-Hoc|x64.Build.0 = Release|x64
		{E31DA344-0420-4366-A457-6FE1D27FCE27}.Ad-Hoc|x64.Deploy.0 = Release|x64
		{E31DA344-0420-4366-A457-6FE1D27FCE27}.Ad-Hoc|x86.ActiveCfg = Release|x86
		{E31DA344-0420-4366-A457-6FE1D27FCE27}.Ad-Hoc|x86.Build.0 = Release|x86
		{E31DA344-0420-4366-A457-6FE1D27FCE27}.Ad-Hoc|x86.Deploy.0 = Release|x86
		{E31DA344-0420-4366-A457-6FE1D27FCE27}.AppStore|Any CPU.ActiveCfg = Release|x64
		{E31DA344-0420-4366-A457-6FE1D27FCE27}.AppStore|Any CPU.Build.0 = Release|x64
		{E31DA344-0420-4366-A457-6FE1D27FCE27}.AppStore|Any CPU.Deploy.0 = Release|x64
		{E31DA344-0420-4366-A457-6FE1D27FCE27}.AppStore|ARM.ActiveCfg = Release|ARM
		{E31DA344-0420-4366-A457-6FE1D27FCE27}.AppStore|ARM.Build.0 = Release|ARM
		{E31DA344-0420-4366-A457-6FE1D27FCE27}.AppStore|ARM.Deploy.0 = Release|ARM
		{E31DA344-0420-4366-A457-6FE1D27FCE27}.AppStore|iPhone.ActiveCfg = Release|x64
		{E31DA344-0420-4366-A457-6FE1D27FCE27}.AppStore|iPhone.Build.0 = Release|x64
		{E31DA344-0420-4366-A457-6FE1D27FCE27}.AppStore|iPhone.Deploy.0 = Release|x64
		{E31DA344-0420-4366-A457-6FE1D27FCE27}.AppStore|iPhoneSimulator.ActiveCfg = Release|x64
		{E31DA344-0420-4366-A457-6FE1D27FCE27}.AppStore|iPhoneSimulator.Build.0 = Release|x64
		{E31DA344-0420-4366-A457-6FE1D27FCE27}.AppStore|iPhoneSimulator.Deploy.0 = Release|x64
		{E31DA344-0420-4366-A457-6FE1D27FCE27}.AppStore|x64.ActiveCfg = Release|x64
		{E31DA344-0420-4366-A457-6FE1D27FCE27}.AppStore|x64.Build.0 = Release|x64
		{E31DA344-0420-4366-A457-6FE1D27FCE27}.AppStore|x64.Deploy.0 = Release|x64
		{E31DA344-0420-4366-A457-6FE1D27FCE27}.AppStore|x86.ActiveCfg = Release|x86
		{E31DA344-0420-4366-A457-6FE1D27FCE27}.AppStore|x86.Build.0 = Release|x86
		{E31DA344-0420-4366-A457-6FE1D27FCE27}.AppStore|x86.Deploy.0 = Release|x86
		{E31DA344-0420-4366-A457-6FE1D27FCE27}.Debug|Any CPU.ActiveCfg = Debug|x86
		{E31DA344-0420-4366-A457-6FE1D27FCE27}.Debug|ARM.ActiveCfg = Debug|ARM
		{E31DA344-0420-4366-A457-6FE1D27FCE27}.Debug|ARM.Build.0 = Debug|ARM
		{E31DA344-0420-4366-A457-6FE1D27FCE27}.Debug|ARM.Deploy.0 = Debug|ARM
		{E31DA344-0420-4366-A457-6FE1D27FCE27}.Debug|iPhone.ActiveCfg = Debug|x86
		{E31DA344-0420-4366-A457-6FE1D27FCE27}.Debug|iPhoneSimulator.ActiveCfg = Debug|x86
		{E31DA344-0420-4366-A457-6FE1D27FCE27}.Debug|x64.ActiveCfg = Debug|x64
		{E31DA344-0420-4366-A457-6FE1D27FCE27}.Debug|x64.Build.0 = Debug|x64
		{E31DA344-0420-4366-A457-6FE1D27FCE27}.Debug|x64.Deploy.0 = Debug|x64
		{E31DA344-0420-4366-A457-6FE1D27FCE27}.Debug|x86.ActiveCfg = Debug|x86
		{E31DA344-0420-4366-A457-6FE1D27FCE27}.Debug|x86.Build.0 = Debug|x86
		{E31DA344-0420-4366-A457-6FE1D27FCE27}.Debug|x86.Deploy.0 = Debug|x86
		{E31DA344-0420-4366-A457-6FE1D27FCE27}.Release|Any CPU.ActiveCfg = Release|x86
		{E31DA344-0420-4366-A457-6FE1D27FCE27}.Release|ARM.ActiveCfg = Release|ARM
		{E31DA344-0420-4366-A457-6FE1D27FCE27}.Release|ARM.Build.0 = Release|ARM
		{E31DA344-0420-4366-A457-6FE1D27FCE27}.Release|ARM.Deploy.0 = Release|ARM
		{E31DA344-0420-4366-A457-6FE1D27FCE27}.Release|iPhone.ActiveCfg = Release|x86
		{E31DA344-0420-4366-A457-6FE1D27FCE27}.Release|iPhoneSimulator.ActiveCfg = Release|x86
		{E31DA344-0420-4366-A457-6FE1D27FCE27}.Release|x64.ActiveCfg = Release|x64
		{E31DA344-0420-4366-A457-6FE1D27FCE27}.Release|x64.Build.0 = Release|x64
		{E31DA344-0420-4366-A457-6FE1D27FCE27}.Release|x64.Deploy.0 = Release|x64
		{E31DA344-0420-4366-A457-6FE1D27FCE27}.Release|x86.ActiveCfg = Release|x86
		{E31DA344-0420-4366-A457-6FE1D27FCE27}.Release|x86.Build.0 = Release|x86
		{E31DA344-0420-4366-A457-6FE1D27FCE27}.Release|x86.Deploy.0 = Release|x86
		{A5EB6F92-8111-43B3-ABBA-95BB5BB14625}.Ad-Hoc|Any CPU.ActiveCfg = Debug|Any CPU
		{A5EB6F92-8111-43B3-ABBA-95BB5BB14625}.Ad-Hoc|Any CPU.Build.0 = Debug|Any CPU
		{A5EB6F92-8111-43B3-ABBA-95BB5BB14625}.Ad-Hoc|ARM.ActiveCfg = Debug|Any CPU
		{A5EB6F92-8111-43B3-ABBA-95BB5BB14625}.Ad-Hoc|ARM.Build.0 = Debug|Any CPU
		{A5EB6F92-8111-43B3-ABBA-95BB5BB14625}.Ad-Hoc|iPhone.ActiveCfg = Debug|Any CPU
		{A5EB6F92-8111-43B3-ABBA-95BB5BB14625}.Ad-Hoc|iPhone.Build.0 = Debug|Any CPU
		{A5EB6F92-8111-43B3-ABBA-95BB5BB14625}.Ad-Hoc|iPhoneSimulator.ActiveCfg = Debug|Any CPU
		{A5EB6F92-8111-43B3-ABBA-95BB5BB14625}.Ad-Hoc|iPhoneSimulator.Build.0 = Debug|Any CPU
		{A5EB6F92-8111-43B3-ABBA-95BB5BB14625}.Ad-Hoc|x64.ActiveCfg = Debug|Any CPU
		{A5EB6F92-8111-43B3-ABBA-95BB5BB14625}.Ad-Hoc|x64.Build.0 = Debug|Any CPU
		{A5EB6F92-8111-43B3-ABBA-95BB5BB14625}.Ad-Hoc|x86.ActiveCfg = Debug|Any CPU
		{A5EB6F92-8111-43B3-ABBA-95BB5BB14625}.Ad-Hoc|x86.Build.0 = Debug|Any CPU
		{A5EB6F92-8111-43B3-ABBA-95BB5BB14625}.AppStore|Any CPU.ActiveCfg = Debug|Any CPU
		{A5EB6F92-8111-43B3-ABBA-95BB5BB14625}.AppStore|Any CPU.Build.0 = Debug|Any CPU
		{A5EB6F92-8111-43B3-ABBA-95BB5BB14625}.AppStore|ARM.ActiveCfg = Debug|Any CPU
		{A5EB6F92-8111-43B3-ABBA-95BB5BB14625}.AppStore|ARM.Build.0 = Debug|Any CPU
		{A5EB6F92-8111-43B3-ABBA-95BB5BB14625}.AppStore|iPhone.ActiveCfg = Debug|Any CPU
		{A5EB6F92-8111-43B3-ABBA-95BB5BB14625}.AppStore|iPhone.Build.0 = Debug|Any CPU
		{A5EB6F92-8111-43B3-ABBA-95BB5BB14625}.AppStore|iPhoneSimulator.ActiveCfg = Debug|Any CPU
		{A5EB6F92-8111-43B3-ABBA-95BB5BB14625}.AppStore|iPhoneSimulator.Build.0 = Debug|Any CPU
		{A5EB6F92-8111-43B3-ABBA-95BB5BB14625}.AppStore|x64.ActiveCfg = Debug|Any CPU
		{A5EB6F92-8111-43B3-ABBA-95BB5BB14625}.AppStore|x64.Build.0 = Debug|Any CPU
		{A5EB6F92-8111-43B3-ABBA-95BB5BB14625}.AppStore|x86.ActiveCfg = Debug|Any CPU
		{A5EB6F92-8111-43B3-ABBA-95BB5BB14625}.AppStore|x86.Build.0 = Debug|Any CPU
		{A5EB6F92-8111-43B3-ABBA-95BB5BB14625}.Debug|Any CPU.ActiveCfg = Debug|Any CPU
		{A5EB6F92-8111-43B3-ABBA-95BB5BB14625}.Debug|Any CPU.Build.0 = Debug|Any CPU
		{A5EB6F92-8111-43B3-ABBA-95BB5BB14625}.Debug|ARM.ActiveCfg = Debug|Any CPU
		{A5EB6F92-8111-43B3-ABBA-95BB5BB14625}.Debug|ARM.Build.0 = Debug|Any CPU
		{A5EB6F92-8111-43B3-ABBA-95BB5BB14625}.Debug|iPhone.ActiveCfg = Debug|Any CPU
		{A5EB6F92-8111-43B3-ABBA-95BB5BB14625}.Debug|iPhone.Build.0 = Debug|Any CPU
		{A5EB6F92-8111-43B3-ABBA-95BB5BB14625}.Debug|iPhoneSimulator.ActiveCfg = Debug|Any CPU
		{A5EB6F92-8111-43B3-ABBA-95BB5BB14625}.Debug|iPhoneSimulator.Build.0 = Debug|Any CPU
		{A5EB6F92-8111-43B3-ABBA-95BB5BB14625}.Debug|x64.ActiveCfg = Debug|Any CPU
		{A5EB6F92-8111-43B3-ABBA-95BB5BB14625}.Debug|x64.Build.0 = Debug|Any CPU
		{A5EB6F92-8111-43B3-ABBA-95BB5BB14625}.Debug|x86.ActiveCfg = Debug|Any CPU
		{A5EB6F92-8111-43B3-ABBA-95BB5BB14625}.Debug|x86.Build.0 = Debug|Any CPU
		{A5EB6F92-8111-43B3-ABBA-95BB5BB14625}.Release|Any CPU.ActiveCfg = Release|Any CPU
		{A5EB6F92-8111-43B3-ABBA-95BB5BB14625}.Release|Any CPU.Build.0 = Release|Any CPU
		{A5EB6F92-8111-43B3-ABBA-95BB5BB14625}.Release|ARM.ActiveCfg = Release|Any CPU
		{A5EB6F92-8111-43B3-ABBA-95BB5BB14625}.Release|ARM.Build.0 = Release|Any CPU
		{A5EB6F92-8111-43B3-ABBA-95BB5BB14625}.Release|iPhone.ActiveCfg = Release|Any CPU
		{A5EB6F92-8111-43B3-ABBA-95BB5BB14625}.Release|iPhone.Build.0 = Release|Any CPU
		{A5EB6F92-8111-43B3-ABBA-95BB5BB14625}.Release|iPhoneSimulator.ActiveCfg = Release|Any CPU
		{A5EB6F92-8111-43B3-ABBA-95BB5BB14625}.Release|iPhoneSimulator.Build.0 = Release|Any CPU
		{A5EB6F92-8111-43B3-ABBA-95BB5BB14625}.Release|x64.ActiveCfg = Release|Any CPU
		{A5EB6F92-8111-43B3-ABBA-95BB5BB14625}.Release|x64.Build.0 = Release|Any CPU
		{A5EB6F92-8111-43B3-ABBA-95BB5BB14625}.Release|x86.ActiveCfg = Release|Any CPU
		{A5EB6F92-8111-43B3-ABBA-95BB5BB14625}.Release|x86.Build.0 = Release|Any CPU
	EndGlobalSection
	GlobalSection(SolutionProperties) = preSolution
		HideSolutionNode = FALSE
	EndGlobalSection
	GlobalSection(ExtensibilityGlobals) = postSolution
		SolutionGuid = {79D40BDE-545E-42CE-8C18-AE32FD31A0AB}
	EndGlobalSection
EndGlobal
